{
  "name": "karanjitsingh.com",
  "version": "1.0.0",
  "lockfileVersion": 2,
  "requires": true,
  "packages": {
    "": {
      "name": "karanjitsingh.com",
      "version": "1.0.0",
      "license": "ISC",
      "dependencies": {
        "@types/marked": "^0.7.2",
        "@types/node": "^12.0.0",
        "typescript": "^3.4.5"
      }
    },
    "node_modules/@types/marked": {
      "version": "0.7.2",
      "resolved": "https://registry.npmjs.org/@types/marked/-/marked-0.7.2.tgz",
      "integrity": "sha512-A3EDyNaq6OCcpaOia2HQ/tu2QYt8DKuj4ExP21VU3cU3HTo2FLslvbqa2T1vux910RHvuSVqpwKnnykSFcRWOA=="
    },
    "node_modules/@types/node": {
      "version": "12.0.0",
      "resolved": "https://registry.npmjs.org/@types/node/-/node-12.0.0.tgz",
      "integrity": "sha512-Jrb/x3HT4PTJp6a4avhmJCDEVrPdqLfl3e8GGMbpkGGdwAV5UGlIs4vVEfsHHfylZVOKZWpOqmqFH8CbfOZ6kg=="
    },
    "node_modules/typescript": {
      "version": "3.4.5",
      "resolved": "https://registry.npmjs.org/typescript/-/typescript-3.4.5.tgz",
      "integrity": "sha512-YycBxUb49UUhdNMU5aJ7z5Ej2XGmaIBL0x34vZ82fn3hGvD+bgrMrVDpatgz2f7YxUMJxMkbWxJZeAvDxVe7Vw==",
      "bin": {
        "tsc": "bin/tsc",
        "tsserver": "bin/tsserver"
      },
      "engines": {
        "node": ">=4.2.0"
      }
    }
  },
  "dependencies": {
    "@types/marked": {
      "version": "0.7.2",
      "resolved": "https://registry.npmjs.org/@types/marked/-/marked-0.7.2.tgz",
      "integrity": "sha512-A3EDyNaq6OCcpaOia2HQ/tu2QYt8DKuj4ExP21VU3cU3HTo2FLslvbqa2T1vux910RHvuSVqpwKnnykSFcRWOA=="
    },
    "@types/node": {
      "version": "12.0.0",
      "resolved": "https://registry.npmjs.org/@types/node/-/node-12.0.0.tgz",
      "integrity": "sha512-Jrb/x3HT4PTJp6a4avhmJCDEVrPdqLfl3e8GGMbpkGGdwAV5UGlIs4vVEfsHHfylZVOKZWpOqmqFH8CbfOZ6kg=="
    },
    "typescript": {
      "version": "3.4.5",
      "resolved": "https://registry.npmjs.org/typescript/-/typescript-3.4.5.tgz",
      "integrity": "sha512-YycBxUb49UUhdNMU5aJ7z5Ej2XGmaIBL0x34vZ82fn3hGvD+bgrMrVDpatgz2f7YxUMJxMkbWxJZeAvDxVe7Vw=="
    }
  }
}
